
Microsoft Visual Studio Solution File, Format Version 12.00
# Visual Studio Version 17
VisualStudioVersion = 17.14.36915.13 d17.14
MinimumVisualStudioVersion = 10.0.40219.1
Project("{FAE04EC0-301F-11D3-BF4B-00C04F79EFBC}") = "ChatBot Part2", "ChatBot Part2.csproj", "{FAFFA4A9-D018-4B13-A602-F8144C6ED684}"
EndProject
Global
	GlobalSection(SolutionConfigurationPlatforms) = preSolution
		Debug|Any CPU = Debug|Any CPU
		Release|Any CPU = Release|Any CPU
	EndGlobalSection
	GlobalSection(ProjectConfigurationPlatforms) = postSolution
		{FAFFA4A9-D018-4B13-A602-F8144C6ED684}.Debug|Any CPU.ActiveCfg = Debug|Any CPU
		{FAFFA4A9-D018-4B13-A602-F8144C6ED684}.Debug|Any CPU.Build.0 = Debug|Any CPU
		{FAFFA4A9-D018-4B13-A602-F8144C6ED684}.Release|Any CPU.ActiveCfg = Release|Any CPU
		{FAFFA4A9-D018-4B13-A602-F8144C6ED684}.Release|Any CPU.Build.0 = Release|Any CPU
	EndGlobalSection
	GlobalSection(SolutionProperties) = preSolution
		HideSolutionNode = FALSE
	EndGlobalSection
	GlobalSection(ExtensibilityGlobals) = postSolution
		SolutionGuid = {1049719A-41A2-46F7-8F14-0884FA71BADE}
	EndGlobalSection
EndGlobal
